{
  "name": "darkwood",
  "version": "1.0.0",
  "lockfileVersion": 1,
  "requires": true,
  "dependencies": {
    "exif-js": {
      "version": "2.3.0",
      "resolved": "https://registry.npm.taobao.org/exif-js/download/exif-js-2.3.0.tgz",
      "integrity": "sha1-nRCBm/Vx+HOBPnZAJBJVq5zhqBQ="
    },
    "prefix-umd": {
      "version": "1.0.0",
      "resolved": "https://registry.npm.taobao.org/prefix-umd/download/prefix-umd-1.0.0.tgz",
      "integrity": "sha1-LgtZ+yFkHliHUa1r0BykGHomI80="
    },
    "simple-crop": {
      "version": "4.0.14",
      "resolved": "https://registry.npm.taobao.org/simple-crop/download/simple-crop-4.0.14.tgz",
      "integrity": "sha1-Td3M8CqV7COx/QWIuzW/fNDXjKU=",
      "requires": {
        "exif-js": "^2.3.0",
        "prefix-umd": "^1.0.0",
        "transformation-matrix": "^2.2.0"
      }
    },
    "transformation-matrix": {
      "version": "2.4.0",
      "resolved": "https://registry.npm.taobao.org/transformation-matrix/download/transformation-matrix-2.4.0.tgz",
      "integrity": "sha1-mmOGXG+TnEq8SSTSYCQmERAaXuI="
    }
  }
}
